
Microsoft Visual Studio Solution File, Format Version 12.00
# Visual Studio Version 16
VisualStudioVersion = 16.0.31105.61
MinimumVisualStudioVersion = 10.0.40219.1
Project("{9A19103F-16F7-4668-BE54-9A1E7A4F7556}") = "inventory", "inventory.csproj", "{0F3BED1A-B5EC-40FB-AAC9-B042D094A58B}"
EndProject
Project("{2150E333-8FDC-42A3-9474-1A3956D46DE8}") = "Solution Items", "Solution Items", "{A64B7D9E-8378-43F0-87DC-8CB0C4D56BFC}"
	ProjectSection(SolutionItems) = preProject
		.editorconfig = .editorconfig
	EndProjectSection
EndProject
Project("{FAE04EC0-301F-11D3-BF4B-00C04F79EFBC}") = "TestInventory", "..\TestInventory\TestInventory.csproj", "{85219CDC-0F82-4AF4-9FB6-75085547C79F}"
EndProject
Global
	GlobalSection(SolutionConfigurationPlatforms) = preSolution
		Debug|Any CPU = Debug|Any CPU
		Release|Any CPU = Release|Any CPU
	EndGlobalSection
	GlobalSection(ProjectConfigurationPlatforms) = postSolution
		{0F3BED1A-B5EC-40FB-AAC9-B042D094A58B}.Debug|Any CPU.ActiveCfg = Debug|Any CPU
		{0F3BED1A-B5EC-40FB-AAC9-B042D094A58B}.Debug|Any CPU.Build.0 = Debug|Any CPU
		{0F3BED1A-B5EC-40FB-AAC9-B042D094A58B}.Release|Any CPU.ActiveCfg = Release|Any CPU
		{0F3BED1A-B5EC-40FB-AAC9-B042D094A58B}.Release|Any CPU.Build.0 = Release|Any CPU
		{85219CDC-0F82-4AF4-9FB6-75085547C79F}.Debug|Any CPU.ActiveCfg = Debug|Any CPU
		{85219CDC-0F82-4AF4-9FB6-75085547C79F}.Debug|Any CPU.Build.0 = Debug|Any CPU
		{85219CDC-0F82-4AF4-9FB6-75085547C79F}.Release|Any CPU.ActiveCfg = Release|Any CPU
		{85219CDC-0F82-4AF4-9FB6-75085547C79F}.Release|Any CPU.Build.0 = Release|Any CPU
	EndGlobalSection
	GlobalSection(SolutionProperties) = preSolution
		HideSolutionNode = FALSE
	EndGlobalSection
	GlobalSection(ExtensibilityGlobals) = postSolution
		SolutionGuid = {AD32128E-F97F-4824-99FD-2EC40C7DDE49}
	EndGlobalSection
EndGlobal
